
Microsoft Visual Studio Solution File, Format Version 12.00
# Visual Studio 14
VisualStudioVersion = 14.0.23107.0
MinimumVisualStudioVersion = 10.0.40219.1
Project("{FAE04EC0-301F-11D3-BF4B-00C04F79EFBC}") = "WcfShoesStore", "WcfShoesStore\WcfShoesStore.csproj", "{DD22107A-84B4-406C-ACB9-CC660B9048DE}"
EndProject
Project("{00D1A9C2-B5F0-4AF3-8072-F6C62B433612}") = "ShoesStoresDB", "..\..\DB\ShoesStoresDB\ShoesStoresDB.sqlproj", "{5430DDF6-B25F-4F3C-995F-0490065B6C06}"
EndProject
Project("{FAE04EC0-301F-11D3-BF4B-00C04F79EFBC}") = "ShoesStoreFE", "..\..\FE\ShoesStoreFE\ShoesStoreFE\ShoesStoreFE.csproj", "{B1E42AE6-4048-409D-AD32-4D2F49324398}"
	ProjectSection(ProjectDependencies) = postProject
		{DD22107A-84B4-406C-ACB9-CC660B9048DE} = {DD22107A-84B4-406C-ACB9-CC660B9048DE}
	EndProjectSection
EndProject
Global
	GlobalSection(SolutionConfigurationPlatforms) = preSolution
		Debug|Any CPU = Debug|Any CPU
		Release|Any CPU = Release|Any CPU
	EndGlobalSection
	GlobalSection(ProjectConfigurationPlatforms) = postSolution
		{DD22107A-84B4-406C-ACB9-CC660B9048DE}.Debug|Any CPU.ActiveCfg = Debug|Any CPU
		{DD22107A-84B4-406C-ACB9-CC660B9048DE}.Debug|Any CPU.Build.0 = Debug|Any CPU
		{DD22107A-84B4-406C-ACB9-CC660B9048DE}.Release|Any CPU.ActiveCfg = Release|Any CPU
		{DD22107A-84B4-406C-ACB9-CC660B9048DE}.Release|Any CPU.Build.0 = Release|Any CPU
		{5430DDF6-B25F-4F3C-995F-0490065B6C06}.Debug|Any CPU.ActiveCfg = Debug|Any CPU
		{5430DDF6-B25F-4F3C-995F-0490065B6C06}.Debug|Any CPU.Build.0 = Debug|Any CPU
		{5430DDF6-B25F-4F3C-995F-0490065B6C06}.Debug|Any CPU.Deploy.0 = Debug|Any CPU
		{5430DDF6-B25F-4F3C-995F-0490065B6C06}.Release|Any CPU.ActiveCfg = Release|Any CPU
		{5430DDF6-B25F-4F3C-995F-0490065B6C06}.Release|Any CPU.Build.0 = Release|Any CPU
		{5430DDF6-B25F-4F3C-995F-0490065B6C06}.Release|Any CPU.Deploy.0 = Release|Any CPU
		{B1E42AE6-4048-409D-AD32-4D2F49324398}.Debug|Any CPU.ActiveCfg = Debug|Any CPU
		{B1E42AE6-4048-409D-AD32-4D2F49324398}.Debug|Any CPU.Build.0 = Debug|Any CPU
		{B1E42AE6-4048-409D-AD32-4D2F49324398}.Release|Any CPU.ActiveCfg = Release|Any CPU
		{B1E42AE6-4048-409D-AD32-4D2F49324398}.Release|Any CPU.Build.0 = Release|Any CPU
	EndGlobalSection
	GlobalSection(SolutionProperties) = preSolution
		HideSolutionNode = FALSE
	EndGlobalSection
EndGlobal
